
Microsoft Visual Studio Solution File, Format Version 12.00
# Visual Studio Version 16
VisualStudioVersion = 16.0.32002.261
MinimumVisualStudioVersion = 10.0.40219.1
Project("{FAE04EC0-301F-11D3-BF4B-00C04F79EFBC}") = "FoodForHumanRaceAdminDesktop", "FoodForHumanRaceAdminDesktop\FoodForHumanRaceAdminDesktop.csproj", "{7181A577-F9C2-457A-B553-BB3E6EBE5285}"
EndProject
Project("{FAE04EC0-301F-11D3-BF4B-00C04F79EFBC}") = "FoodForHumanRaceManagerDesktop", "FoodForHumanRaceManagerDesktop\FoodForHumanRaceManagerDesktop.csproj", "{9E953FF8-B8C3-4BDF-9973-0D24DD2A656A}"
EndProject
Global
	GlobalSection(SolutionConfigurationPlatforms) = preSolution
		Debug|Any CPU = Debug|Any CPU
		Release|Any CPU = Release|Any CPU
	EndGlobalSection
	GlobalSection(ProjectConfigurationPlatforms) = postSolution
		{7181A577-F9C2-457A-B553-BB3E6EBE5285}.Debug|Any CPU.ActiveCfg = Debug|Any CPU
		{7181A577-F9C2-457A-B553-BB3E6EBE5285}.Debug|Any CPU.Build.0 = Debug|Any CPU
		{7181A577-F9C2-457A-B553-BB3E6EBE5285}.Release|Any CPU.ActiveCfg = Release|Any CPU
		{7181A577-F9C2-457A-B553-BB3E6EBE5285}.Release|Any CPU.Build.0 = Release|Any CPU
		{9E953FF8-B8C3-4BDF-9973-0D24DD2A656A}.Debug|Any CPU.ActiveCfg = Debug|Any CPU
		{9E953FF8-B8C3-4BDF-9973-0D24DD2A656A}.Debug|Any CPU.Build.0 = Debug|Any CPU
		{9E953FF8-B8C3-4BDF-9973-0D24DD2A656A}.Release|Any CPU.ActiveCfg = Release|Any CPU
		{9E953FF8-B8C3-4BDF-9973-0D24DD2A656A}.Release|Any CPU.Build.0 = Release|Any CPU
	EndGlobalSection
	GlobalSection(SolutionProperties) = preSolution
		HideSolutionNode = FALSE
	EndGlobalSection
	GlobalSection(ExtensibilityGlobals) = postSolution
		SolutionGuid = {9D061D5C-C10C-4823-914D-9F7840DABF3C}
	EndGlobalSection
EndGlobal
